
Microsoft Visual Studio Solution File, Format Version 12.00
# Visual Studio Version 16
VisualStudioVersion = 16.0.28803.916
MinimumVisualStudioVersion = 10.0.40219.1
Project("{FAE04EC0-301F-11D3-BF4B-00C04F79EFBC}") = "Cardapio", "Cardapio\Cardapio.csproj", "{DE33FF5D-1DF1-4EDA-9FAA-CD99033DCFCF}"
EndProject
Global
	GlobalSection(SolutionConfigurationPlatforms) = preSolution
		Debug|Any CPU = Debug|Any CPU
		Release|Any CPU = Release|Any CPU
	EndGlobalSection
	GlobalSection(ProjectConfigurationPlatforms) = postSolution
		{DE33FF5D-1DF1-4EDA-9FAA-CD99033DCFCF}.Debug|Any CPU.ActiveCfg = Debug|Any CPU
		{DE33FF5D-1DF1-4EDA-9FAA-CD99033DCFCF}.Debug|Any CPU.Build.0 = Debug|Any CPU
		{DE33FF5D-1DF1-4EDA-9FAA-CD99033DCFCF}.Release|Any CPU.ActiveCfg = Release|Any CPU
		{DE33FF5D-1DF1-4EDA-9FAA-CD99033DCFCF}.Release|Any CPU.Build.0 = Release|Any CPU
	EndGlobalSection
	GlobalSection(SolutionProperties) = preSolution
		HideSolutionNode = FALSE
	EndGlobalSection
	GlobalSection(ExtensibilityGlobals) = postSolution
		SolutionGuid = {802FD336-90B3-4157-8F68-3A4B06D99F28}
	EndGlobalSection
EndGlobal
